
Microsoft Visual Studio Solution File, Format Version 12.00
# Visual Studio Version 17
VisualStudioVersion = 17.2.32516.85
MinimumVisualStudioVersion = 10.0.40219.1
Project("{FAE04EC0-301F-11D3-BF4B-00C04F79EFBC}") = "Practica_Final_IGU_3.0", "Practica_Final_IGU_3.0.csproj", "{467D0A65-D357-4F65-9C66-0C2A790AA445}"
EndProject
Global
	GlobalSection(SolutionConfigurationPlatforms) = preSolution
		Debug|Any CPU = Debug|Any CPU
		Release|Any CPU = Release|Any CPU
	EndGlobalSection
	GlobalSection(ProjectConfigurationPlatforms) = postSolution
		{467D0A65-D357-4F65-9C66-0C2A790AA445}.Debug|Any CPU.ActiveCfg = Debug|Any CPU
		{467D0A65-D357-4F65-9C66-0C2A790AA445}.Debug|Any CPU.Build.0 = Debug|Any CPU
		{467D0A65-D357-4F65-9C66-0C2A790AA445}.Release|Any CPU.ActiveCfg = Release|Any CPU
		{467D0A65-D357-4F65-9C66-0C2A790AA445}.Release|Any CPU.Build.0 = Release|Any CPU
	EndGlobalSection
	GlobalSection(SolutionProperties) = preSolution
		HideSolutionNode = FALSE
	EndGlobalSection
	GlobalSection(ExtensibilityGlobals) = postSolution
		SolutionGuid = {4A88B545-6A97-4FE2-BD78-896620AF2C53}
	EndGlobalSection
EndGlobal
